
Microsoft Visual Studio Solution File, Format Version 12.00
# Visual Studio Version 16
VisualStudioVersion = 16.0.30413.136
MinimumVisualStudioVersion = 10.0.40219.1
Project("{FAE04EC0-301F-11D3-BF4B-00C04F79EFBC}") = "GithubExample", "GithubExample\GithubExample.csproj", "{A37450D9-A216-4312-9693-8CB7AFCC41CD}"
EndProject
Global
	GlobalSection(SolutionConfigurationPlatforms) = preSolution
		Debug|Any CPU = Debug|Any CPU
		Release|Any CPU = Release|Any CPU
	EndGlobalSection
	GlobalSection(ProjectConfigurationPlatforms) = postSolution
		{A37450D9-A216-4312-9693-8CB7AFCC41CD}.Debug|Any CPU.ActiveCfg = Debug|Any CPU
		{A37450D9-A216-4312-9693-8CB7AFCC41CD}.Debug|Any CPU.Build.0 = Debug|Any CPU
		{A37450D9-A216-4312-9693-8CB7AFCC41CD}.Release|Any CPU.ActiveCfg = Release|Any CPU
		{A37450D9-A216-4312-9693-8CB7AFCC41CD}.Release|Any CPU.Build.0 = Release|Any CPU
	EndGlobalSection
	GlobalSection(SolutionProperties) = preSolution
		HideSolutionNode = FALSE
	EndGlobalSection
	GlobalSection(ExtensibilityGlobals) = postSolution
		SolutionGuid = {6F8FFE46-BFEC-43FC-8F38-4E13A2AE02AF}
	EndGlobalSection
EndGlobal
